// !$*UTF8*$!
{
	archiveVersion = 1;
	classes = {
	};
	objectVersion = 50;
	objects = {

/* Begin PBXBuildFile section */
		7EA7298B25D4416200B62882 /* AppDelegate.swift in Sources */ = {isa = PBXBuildFile; fileRef = 7EA7298A25D4416200B62882 /* AppDelegate.swift */; };
		7EA7298D25D4416300B62882 /* SceneDelegate.swift in Sources */ = {isa = PBXBuildFile; fileRef = 7EA7298C25D4416300B62882 /* SceneDelegate.swift */; };
		7EA7299225D4416300B62882 /* Main.storyboard in Resources */ = {isa = PBXBuildFile; fileRef = 7EA7299025D4416300B62882 /* Main.storyboard */; };
		7EA7299425D4416500B62882 /* Assets.xcassets in Resources */ = {isa = PBXBuildFile; fileRef = 7EA7299325D4416500B62882 /* Assets.xcassets */; };
		7EA7299725D4416500B62882 /* LaunchScreen.storyboard in Resources */ = {isa = PBXBuildFile; fileRef = 7EA7299525D4416500B62882 /* LaunchScreen.storyboard */; };
		7EA729A625D447DC00B62882 /* Entry.swift in Sources */ = {isa = PBXBuildFile; fileRef = 7EA729A525D447DC00B62882 /* Entry.swift */; };
		97E4290C25D4451F00E5E9C3 /* EntryController.swift in Sources */ = {isa = PBXBuildFile; fileRef = 97E4290B25D4451F00E5E9C3 /* EntryController.swift */; };
/* End PBXBuildFile section */

/* Begin PBXFileReference section */
		7EA7298725D4416200B62882 /* JournalPowerTeam.app */ = {isa = PBXFileReference; explicitFileType = wrapper.application; includeInIndex = 0; path = JournalPowerTeam.app; sourceTree = BUILT_PRODUCTS_DIR; };
		7EA7298A25D4416200B62882 /* AppDelegate.swift */ = {isa = PBXFileReference; lastKnownFileType = sourcecode.swift; path = AppDelegate.swift; sourceTree = "<group>"; };
		7EA7298C25D4416300B62882 /* SceneDelegate.swift */ = {isa = PBXFileReference; lastKnownFileType = sourcecode.swift; path = SceneDelegate.swift; sourceTree = "<group>"; };
		7EA7299125D4416300B62882 /* Base */ = {isa = PBXFileReference; lastKnownFileType = file.storyboard; name = Base; path = Base.lproj/Main.storyboard; sourceTree = "<group>"; };
		7EA7299325D4416500B62882 /* Assets.xcassets */ = {isa = PBXFileReference; lastKnownFileType = folder.assetcatalog; path = Assets.xcassets; sourceTree = "<group>"; };
		7EA7299625D4416500B62882 /* Base */ = {isa = PBXFileReference; lastKnownFileType = file.storyboard; name = Base; path = Base.lproj/LaunchScreen.storyboard; sourceTree = "<group>"; };
		7EA7299825D4416500B62882 /* Info.plist */ = {isa = PBXFileReference; lastKnownFileType = text.plist.xml; path = Info.plist; sourceTree = "<group>"; };
		7EA729A525D447DC00B62882 /* Entry.swift */ = {isa = PBXFileReference; lastKnownFileType = sourcecode.swift; path = Entry.swift; sourceTree = "<group>"; };
		97E4290B25D4451F00E5E9C3 /* EntryController.swift */ = {isa = PBXFileReference; lastKnownFileType = sourcecode.swift; path = EntryController.swift; sourceTree = "<group>"; };
/* End PBXFileReference section */

/* Begin PBXFrameworksBuildPhase section */
		7EA7298425D4416200B62882 /* Frameworks */ = {
			isa = PBXFrameworksBuildPhase;
			buildActionMask = 2147483647;
			files = (
			);
			runOnlyForDeploymentPostprocessing = 0;
		};
/* End PBXFrameworksBuildPhase section */

/* Begin PBXGroup section */
		7EA7297E25D4416200B62882 = {
			isa = PBXGroup;
			children = (
				7EA7298925D4416200B62882 /* JournalPowerTeam */,
				7EA7298825D4416200B62882 /* Products */,
			);
			sourceTree = "<group>";
		};
		7EA7298825D4416200B62882 /* Products */ = {
			isa = PBXGroup;
			children = (
				7EA7298725D4416200B62882 /* JournalPowerTeam.app */,
			);
			name = Products;
			sourceTree = "<group>";
		};
		7EA7298925D4416200B62882 /* JournalPowerTeam */ = {
			isa = PBXGroup;
			children = (
				7EA729A425D447CD00B62882 /* Models */,
				97E4290A25D444EE00E5E9C3 /* Model Controllers */,
				7EA729A325D441C800B62882 /* Storyboards */,
				7EA7299F25D4417400B62882 /* Resources */,
			);
			path = JournalPowerTeam;
			sourceTree = "<group>";
		};
		7EA7299F25D4417400B62882 /* Resources */ = {
			isa = PBXGroup;
			children = (
				7EA7298A25D4416200B62882 /* AppDelegate.swift */,
				7EA7298C25D4416300B62882 /* SceneDelegate.swift */,
				7EA7299325D4416500B62882 /* Assets.xcassets */,
				7EA7299825D4416500B62882 /* Info.plist */,
			);
			path = Resources;
			sourceTree = "<group>";
		};
		7EA729A325D441C800B62882 /* Storyboards */ = {
			isa = PBXGroup;
			children = (
				7EA7299025D4416300B62882 /* Main.storyboard */,
				7EA7299525D4416500B62882 /* LaunchScreen.storyboard */,
			);
			path = Storyboards;
			sourceTree = "<group>";
		};
		7EA729A425D447CD00B62882 /* Models */ = {
			isa = PBXGroup;
			children = (
				7EA729A525D447DC00B62882 /* Entry.swift */,
			);
			path = Models;
		97E4290A25D444EE00E5E9C3 /* Model Controllers */ = {
			isa = PBXGroup;
			children = (
				97E4290B25D4451F00E5E9C3 /* EntryController.swift */,
			);
			path = "Model Controllers";
			sourceTree = "<group>";
		};
/* End PBXGroup section */

/* Begin PBXNativeTarget section */
		7EA7298625D4416200B62882 /* JournalPowerTeam */ = {
			isa = PBXNativeTarget;
			buildConfigurationList = 7EA7299B25D4416500B62882 /* Build configuration list for PBXNativeTarget "JournalPowerTeam" */;
			buildPhases = (
				7EA7298325D4416200B62882 /* Sources */,
				7EA7298425D4416200B62882 /* Frameworks */,
				7EA7298525D4416200B62882 /* Resources */,
			);
			buildRules = (
			);
			dependencies = (
			);
			name = JournalPowerTeam;
			productName = JournalPowerTeam;
			productReference = 7EA7298725D4416200B62882 /* JournalPowerTeam.app */;
			productType = "com.apple.product-type.application";
		};
/* End PBXNativeTarget section */

/* Begin PBXProject section */
		7EA7297F25D4416200B62882 /* Project object */ = {
			isa = PBXProject;
			attributes = {
				LastSwiftUpdateCheck = 1240;
				LastUpgradeCheck = 1240;
				TargetAttributes = {
					7EA7298625D4416200B62882 = {
						CreatedOnToolsVersion = 12.4;
					};
				};
			};
			buildConfigurationList = 7EA7298225D4416200B62882 /* Build configuration list for PBXProject "JournalPowerTeam" */;
			compatibilityVersion = "Xcode 9.3";
			developmentRegion = en;
			hasScannedForEncodings = 0;
			knownRegions = (
				en,
				Base,
			);
			mainGroup = 7EA7297E25D4416200B62882;
			productRefGroup = 7EA7298825D4416200B62882 /* Products */;
			projectDirPath = "";
			projectRoot = "";
			targets = (
				7EA7298625D4416200B62882 /* JournalPowerTeam */,
			);
		};
/* End PBXProject section */

/* Begin PBXResourcesBuildPhase section */
		7EA7298525D4416200B62882 /* Resources */ = {
			isa = PBXResourcesBuildPhase;
			buildActionMask = 2147483647;
			files = (
				7EA7299725D4416500B62882 /* LaunchScreen.storyboard in Resources */,
				7EA7299425D4416500B62882 /* Assets.xcassets in Resources */,
				7EA7299225D4416300B62882 /* Main.storyboard in Resources */,
			);
			runOnlyForDeploymentPostprocessing = 0;
		};
/* End PBXResourcesBuildPhase section */

/* Begin PBXSourcesBuildPhase section */
		7EA7298325D4416200B62882 /* Sources */ = {
			isa = PBXSourcesBuildPhase;
			buildActionMask = 2147483647;
			files = (
				7EA729A625D447DC00B62882 /* Entry.swift in Sources */,
				97E4290C25D4451F00E5E9C3 /* EntryController.swift in Sources */,
				7EA7298B25D4416200B62882 /* AppDelegate.swift in Sources */,
				7EA7298D25D4416300B62882 /* SceneDelegate.swift in Sources */,
			);
			runOnlyForDeploymentPostprocessing = 0;
		};
/* End PBXSourcesBuildPhase section */

/* Begin PBXVariantGroup section */
		7EA7299025D4416300B62882 /* Main.storyboard */ = {
			isa = PBXVariantGroup;
			children = (
				7EA7299125D4416300B62882 /* Base */,
			);
			name = Main.storyboard;
			sourceTree = "<group>";
		};
		7EA7299525D4416500B62882 /* LaunchScreen.storyboard */ = {
			isa = PBXVariantGroup;
			children = (
				7EA7299625D4416500B62882 /* Base */,
			);
			name = LaunchScreen.storyboard;
			sourceTree = "<group>";
		};
/* End PBXVariantGroup section */

/* Begin XCBuildConfiguration section */
		7EA7299925D4416500B62882 /* Debug */ = {
			isa = XCBuildConfiguration;
			buildSettings = {
				ALWAYS_SEARCH_USER_PATHS = NO;
				CLANG_ANALYZER_NONNULL = YES;
				CLANG_ANALYZER_NUMBER_OBJECT_CONVERSION = YES_AGGRESSIVE;
				CLANG_CXX_LANGUAGE_STANDARD = "gnu++14";
				CLANG_CXX_LIBRARY = "libc++";
				CLANG_ENABLE_MODULES = YES;
				CLANG_ENABLE_OBJC_ARC = YES;
				CLANG_ENABLE_OBJC_WEAK = YES;
				CLANG_WARN_BLOCK_CAPTURE_AUTORELEASING = YES;
				CLANG_WARN_BOOL_CONVERSION = YES;
				CLANG_WARN_COMMA = YES;
				CLANG_WARN_CONSTANT_CONVERSION = YES;
				CLANG_WARN_DEPRECATED_OBJC_IMPLEMENTATIONS = YES;
				CLANG_WARN_DIRECT_OBJC_ISA_USAGE = YES_ERROR;
				CLANG_WARN_DOCUMENTATION_COMMENTS = YES;
				CLANG_WARN_EMPTY_BODY = YES;
				CLANG_WARN_ENUM_CONVERSION = YES;
				CLANG_WARN_INFINITE_RECURSION = YES;
				CLANG_WARN_INT_CONVERSION = YES;
				CLANG_WARN_NON_LITERAL_NULL_CONVERSION = YES;
				CLANG_WARN_OBJC_IMPLICIT_RETAIN_SELF = YES;
				CLANG_WARN_OBJC_LITERAL_CONVERSION = YES;
				CLANG_WARN_OBJC_ROOT_CLASS = YES_ERROR;
				CLANG_WARN_QUOTED_INCLUDE_IN_FRAMEWORK_HEADER = YES;
				CLANG_WARN_RANGE_LOOP_ANALYSIS = YES;
				CLANG_WARN_STRICT_PROTOTYPES = YES;
				CLANG_WARN_SUSPICIOUS_MOVE = YES;
				CLANG_WARN_UNGUARDED_AVAILABILITY = YES_AGGRESSIVE;
				CLANG_WARN_UNREACHABLE_CODE = YES;
				CLANG_WARN__DUPLICATE_METHOD_MATCH = YES;
				COPY_PHASE_STRIP = NO;
				DEBUG_INFORMATION_FORMAT = dwarf;
				ENABLE_STRICT_OBJC_MSGSEND = YES;
				ENABLE_TESTABILITY = YES;
				GCC_C_LANGUAGE_STANDARD = gnu11;
				GCC_DYNAMIC_NO_PIC = NO;
				GCC_NO_COMMON_BLOCKS = YES;
				GCC_OPTIMIZATION_LEVEL = 0;
				GCC_PREPROCESSOR_DEFINITIONS = (
					"DEBUG=1",
					"$(inherited)",
				);
				GCC_WARN_64_TO_32_BIT_CONVERSION = YES;
				GCC_WARN_ABOUT_RETURN_TYPE = YES_ERROR;
				GCC_WARN_UNDECLARED_SELECTOR = YES;
				GCC_WARN_UNINITIALIZED_AUTOS = YES_AGGRESSIVE;
				GCC_WARN_UNUSED_FUNCTION = YES;
				GCC_WARN_UNUSED_VARIABLE = YES;
				IPHONEOS_DEPLOYMENT_TARGET = 14.4;
				MTL_ENABLE_DEBUG_INFO = INCLUDE_SOURCE;
				MTL_FAST_MATH = YES;
				ONLY_ACTIVE_ARCH = YES;
				SDKROOT = iphoneos;
				SWIFT_ACTIVE_COMPILATION_CONDITIONS = DEBUG;
				SWIFT_OPTIMIZATION_LEVEL = "-Onone";
			};
			name = Debug;
		};
		7EA7299A25D4416500B62882 /* Release */ = {
			isa = XCBuildConfiguration;
			buildSettings = {
				ALWAYS_SEARCH_USER_PATHS = NO;
				CLANG_ANALYZER_NONNULL = YES;
				CLANG_ANALYZER_NUMBER_OBJECT_CONVERSION = YES_AGGRESSIVE;
				CLANG_CXX_LANGUAGE_STANDARD = "gnu++14";
				CLANG_CXX_LIBRARY = "libc++";
				CLANG_ENABLE_MODULES = YES;
				CLANG_ENABLE_OBJC_ARC = YES;
				CLANG_ENABLE_OBJC_WEAK = YES;
				CLANG_WARN_BLOCK_CAPTURE_AUTORELEASING = YES;
				CLANG_WARN_BOOL_CONVERSION = YES;
				CLANG_WARN_COMMA = YES;
				CLANG_WARN_CONSTANT_CONVERSION = YES;
				CLANG_WARN_DEPRECATED_OBJC_IMPLEMENTATIONS = YES;
				CLANG_WARN_DIRECT_OBJC_ISA_USAGE = YES_ERROR;
				CLANG_WARN_DOCUMENTATION_COMMENTS = YES;
				CLANG_WARN_EMPTY_BODY = YES;
				CLANG_WARN_ENUM_CONVERSION = YES;
				CLANG_WARN_INFINITE_RECURSION = YES;
				CLANG_WARN_INT_CONVERSION = YES;
				CLANG_WARN_NON_LITERAL_NULL_CONVERSION = YES;
				CLANG_WARN_OBJC_IMPLICIT_RETAIN_SELF = YES;
				CLANG_WARN_OBJC_LITERAL_CONVERSION = YES;
				CLANG_WARN_OBJC_ROOT_CLASS = YES_ERROR;
				CLANG_WARN_QUOTED_INCLUDE_IN_FRAMEWORK_HEADER = YES;
				CLANG_WARN_RANGE_LOOP_ANALYSIS = YES;
				CLANG_WARN_STRICT_PROTOTYPES = YES;
				CLANG_WARN_SUSPICIOUS_MOVE = YES;
				CLANG_WARN_UNGUARDED_AVAILABILITY = YES_AGGRESSIVE;
				CLANG_WARN_UNREACHABLE_CODE = YES;
				CLANG_WARN__DUPLICATE_METHOD_MATCH = YES;
				COPY_PHASE_STRIP = NO;
				DEBUG_INFORMATION_FORMAT = "dwarf-with-dsym";
				ENABLE_NS_ASSERTIONS = NO;
				ENABLE_STRICT_OBJC_MSGSEND = YES;
				GCC_C_LANGUAGE_STANDARD = gnu11;
				GCC_NO_COMMON_BLOCKS = YES;
				GCC_WARN_64_TO_32_BIT_CONVERSION = YES;
				GCC_WARN_ABOUT_RETURN_TYPE = YES_ERROR;
				GCC_WARN_UNDECLARED_SELECTOR = YES;
				GCC_WARN_UNINITIALIZED_AUTOS = YES_AGGRESSIVE;
				GCC_WARN_UNUSED_FUNCTION = YES;
				GCC_WARN_UNUSED_VARIABLE = YES;
				IPHONEOS_DEPLOYMENT_TARGET = 14.4;
				MTL_ENABLE_DEBUG_INFO = NO;
				MTL_FAST_MATH = YES;
				SDKROOT = iphoneos;
				SWIFT_COMPILATION_MODE = wholemodule;
				SWIFT_OPTIMIZATION_LEVEL = "-O";
				VALIDATE_PRODUCT = YES;
			};
			name = Release;
		};
		7EA7299C25D4416500B62882 /* Debug */ = {
			isa = XCBuildConfiguration;
			buildSettings = {
				ASSETCATALOG_COMPILER_APPICON_NAME = AppIcon;
				ASSETCATALOG_COMPILER_GLOBAL_ACCENT_COLOR_NAME = AccentColor;
				CODE_SIGN_STYLE = Automatic;
				DEVELOPMENT_TEAM = KMTDCPCY5V;
				INFOPLIST_FILE = JournalPowerTeam/Resources/Info.plist;
				LD_RUNPATH_SEARCH_PATHS = (
					"$(inherited)",
					"@executable_path/Frameworks",
				);
				PRODUCT_BUNDLE_IDENTIFIER = com.CameronStuart.JournalPowerTeam;
				PRODUCT_NAME = "$(TARGET_NAME)";
				SWIFT_VERSION = 5.0;
				TARGETED_DEVICE_FAMILY = "1,2";
			};
			name = Debug;
		};
		7EA7299D25D4416500B62882 /* Release */ = {
			isa = XCBuildConfiguration;
			buildSettings = {
				ASSETCATALOG_COMPILER_APPICON_NAME = AppIcon;
				ASSETCATALOG_COMPILER_GLOBAL_ACCENT_COLOR_NAME = AccentColor;
				CODE_SIGN_STYLE = Automatic;
				DEVELOPMENT_TEAM = KMTDCPCY5V;
				INFOPLIST_FILE = JournalPowerTeam/Resources/Info.plist;
				LD_RUNPATH_SEARCH_PATHS = (
					"$(inherited)",
					"@executable_path/Frameworks",
				);
				PRODUCT_BUNDLE_IDENTIFIER = com.CameronStuart.JournalPowerTeam;
				PRODUCT_NAME = "$(TARGET_NAME)";
				SWIFT_VERSION = 5.0;
				TARGETED_DEVICE_FAMILY = "1,2";
			};
			name = Release;
		};
/* End XCBuildConfiguration section */

/* Begin XCConfigurationList section */
		7EA7298225D4416200B62882 /* Build configuration list for PBXProject "JournalPowerTeam" */ = {
			isa = XCConfigurationList;
			buildConfigurations = (
				7EA7299925D4416500B62882 /* Debug */,
				7EA7299A25D4416500B62882 /* Release */,
			);
			defaultConfigurationIsVisible = 0;
			defaultConfigurationName = Release;
		};
		7EA7299B25D4416500B62882 /* Build configuration list for PBXNativeTarget "JournalPowerTeam" */ = {
			isa = XCConfigurationList;
			buildConfigurations = (
				7EA7299C25D4416500B62882 /* Debug */,
				7EA7299D25D4416500B62882 /* Release */,
			);
			defaultConfigurationIsVisible = 0;
			defaultConfigurationName = Release;
		};
/* End XCConfigurationList section */
	};
	rootObject = 7EA7297F25D4416200B62882 /* Project object */;
}
